
Microsoft Visual Studio Solution File, Format Version 12.00
# Visual Studio 15
VisualStudioVersion = 15.0.28307.757
MinimumVisualStudioVersion = 10.0.40219.1
Project("{FAE04EC0-301F-11D3-BF4B-00C04F79EFBC}") = "CommunityMgmt", "CommunityMgmt\CommunityMgmt.csproj", "{6EF0C9F8-DE7D-4EA2-829C-F9F7C93D468C}"
EndProject
Project("{FAE04EC0-301F-11D3-BF4B-00C04F79EFBC}") = "CommunityMgmt.Tests", "CommunityMgmt.Tests\CommunityMgmt.Tests.csproj", "{E3DC63A1-4EB5-4F8C-B391-5617BAAEA1CB}"
EndProject
Global
	GlobalSection(SolutionConfigurationPlatforms) = preSolution
		Debug|Any CPU = Debug|Any CPU
		Release|Any CPU = Release|Any CPU
	EndGlobalSection
	GlobalSection(ProjectConfigurationPlatforms) = postSolution
		{6EF0C9F8-DE7D-4EA2-829C-F9F7C93D468C}.Debug|Any CPU.ActiveCfg = Debug|Any CPU
		{6EF0C9F8-DE7D-4EA2-829C-F9F7C93D468C}.Debug|Any CPU.Build.0 = Debug|Any CPU
		{6EF0C9F8-DE7D-4EA2-829C-F9F7C93D468C}.Release|Any CPU.ActiveCfg = Release|Any CPU
		{6EF0C9F8-DE7D-4EA2-829C-F9F7C93D468C}.Release|Any CPU.Build.0 = Release|Any CPU
		{E3DC63A1-4EB5-4F8C-B391-5617BAAEA1CB}.Debug|Any CPU.ActiveCfg = Debug|Any CPU
		{E3DC63A1-4EB5-4F8C-B391-5617BAAEA1CB}.Debug|Any CPU.Build.0 = Debug|Any CPU
		{E3DC63A1-4EB5-4F8C-B391-5617BAAEA1CB}.Release|Any CPU.ActiveCfg = Release|Any CPU
		{E3DC63A1-4EB5-4F8C-B391-5617BAAEA1CB}.Release|Any CPU.Build.0 = Release|Any CPU
	EndGlobalSection
	GlobalSection(SolutionProperties) = preSolution
		HideSolutionNode = FALSE
	EndGlobalSection
	GlobalSection(ExtensibilityGlobals) = postSolution
		SolutionGuid = {76021822-A17C-4F6C-8D92-CD63731491E6}
	EndGlobalSection
EndGlobal
